
Microsoft Visual Studio Solution File, Format Version 12.00
# Visual Studio 15
VisualStudioVersion = 15.0.28307.852
MinimumVisualStudioVersion = 10.0.40219.1
Project("{FAE04EC0-301F-11D3-BF4B-00C04F79EFBC}") = "Trabalho2Bim", "Trabalho2Bim\Trabalho2Bim.csproj", "{8EFB7D7D-B681-43A2-B986-57A64F9E28CB}"
EndProject
Global
	GlobalSection(SolutionConfigurationPlatforms) = preSolution
		Debug|Any CPU = Debug|Any CPU
		Release|Any CPU = Release|Any CPU
	EndGlobalSection
	GlobalSection(ProjectConfigurationPlatforms) = postSolution
		{8EFB7D7D-B681-43A2-B986-57A64F9E28CB}.Debug|Any CPU.ActiveCfg = Debug|Any CPU
		{8EFB7D7D-B681-43A2-B986-57A64F9E28CB}.Debug|Any CPU.Build.0 = Debug|Any CPU
		{8EFB7D7D-B681-43A2-B986-57A64F9E28CB}.Release|Any CPU.ActiveCfg = Release|Any CPU
		{8EFB7D7D-B681-43A2-B986-57A64F9E28CB}.Release|Any CPU.Build.0 = Release|Any CPU
	EndGlobalSection
	GlobalSection(SolutionProperties) = preSolution
		HideSolutionNode = FALSE
	EndGlobalSection
	GlobalSection(ExtensibilityGlobals) = postSolution
		SolutionGuid = {C2322860-A703-4197-96EB-AD15891BE7C3}
	EndGlobalSection
EndGlobal
